
Microsoft Visual Studio Solution File, Format Version 12.00
# Visual Studio Version 17
VisualStudioVersion = 17.0.31903.59
MinimumVisualStudioVersion = 10.0.40219.1
Project("{9A19103F-16F7-4668-BE54-9A1E7A4F7556}") = "BookinistV1", "BookinistV1\BookinistV1.csproj", "{03132FCE-A4FD-4975-9066-197046539AC5}"
EndProject
Project("{9A19103F-16F7-4668-BE54-9A1E7A4F7556}") = "Bookinist.DAL", "Bookinist.DAL\Bookinist.DAL.csproj", "{A911E4A5-7268-4061-B9D7-CF40E47FE6F3}"
EndProject
Project("{FAE04EC0-301F-11D3-BF4B-00C04F79EFBC}") = "Bookinist.Interfaces", "Bookinist.Interfaces\Bookinist.Interfaces.csproj", "{97109D0F-103B-4AA3-BCC8-E29CBAC087E9}"
EndProject
Global
	GlobalSection(SolutionConfigurationPlatforms) = preSolution
		Debug|Any CPU = Debug|Any CPU
		Release|Any CPU = Release|Any CPU
	EndGlobalSection
	GlobalSection(ProjectConfigurationPlatforms) = postSolution
		{03132FCE-A4FD-4975-9066-197046539AC5}.Debug|Any CPU.ActiveCfg = Debug|Any CPU
		{03132FCE-A4FD-4975-9066-197046539AC5}.Debug|Any CPU.Build.0 = Debug|Any CPU
		{03132FCE-A4FD-4975-9066-197046539AC5}.Release|Any CPU.ActiveCfg = Release|Any CPU
		{03132FCE-A4FD-4975-9066-197046539AC5}.Release|Any CPU.Build.0 = Release|Any CPU
		{A911E4A5-7268-4061-B9D7-CF40E47FE6F3}.Debug|Any CPU.ActiveCfg = Debug|Any CPU
		{A911E4A5-7268-4061-B9D7-CF40E47FE6F3}.Debug|Any CPU.Build.0 = Debug|Any CPU
		{A911E4A5-7268-4061-B9D7-CF40E47FE6F3}.Release|Any CPU.ActiveCfg = Release|Any CPU
		{A911E4A5-7268-4061-B9D7-CF40E47FE6F3}.Release|Any CPU.Build.0 = Release|Any CPU
		{97109D0F-103B-4AA3-BCC8-E29CBAC087E9}.Debug|Any CPU.ActiveCfg = Debug|Any CPU
		{97109D0F-103B-4AA3-BCC8-E29CBAC087E9}.Debug|Any CPU.Build.0 = Debug|Any CPU
		{97109D0F-103B-4AA3-BCC8-E29CBAC087E9}.Release|Any CPU.ActiveCfg = Release|Any CPU
		{97109D0F-103B-4AA3-BCC8-E29CBAC087E9}.Release|Any CPU.Build.0 = Release|Any CPU
	EndGlobalSection
	GlobalSection(SolutionProperties) = preSolution
		HideSolutionNode = FALSE
	EndGlobalSection
	GlobalSection(ExtensibilityGlobals) = postSolution
		SolutionGuid = {51B9383D-65DA-43D5-80F5-EC3ACE90C8A7}
	EndGlobalSection
EndGlobal
